
Microsoft Visual Studio Solution File, Format Version 12.00
# Visual Studio Version 17
VisualStudioVersion = 17.6.33815.320
MinimumVisualStudioVersion = 10.0.40219.1
Project("{FAE04EC0-301F-11D3-BF4B-00C04F79EFBC}") = "X0_Morse", "X0_Morse\X0_Morse.csproj", "{12588AAB-3C7A-4451-95E9-021D240CE74E}"
EndProject
Global
	GlobalSection(SolutionConfigurationPlatforms) = preSolution
		Debug|Any CPU = Debug|Any CPU
		Release|Any CPU = Release|Any CPU
	EndGlobalSection
	GlobalSection(ProjectConfigurationPlatforms) = postSolution
		{12588AAB-3C7A-4451-95E9-021D240CE74E}.Debug|Any CPU.ActiveCfg = Debug|Any CPU
		{12588AAB-3C7A-4451-95E9-021D240CE74E}.Debug|Any CPU.Build.0 = Debug|Any CPU
		{12588AAB-3C7A-4451-95E9-021D240CE74E}.Release|Any CPU.ActiveCfg = Release|Any CPU
		{12588AAB-3C7A-4451-95E9-021D240CE74E}.Release|Any CPU.Build.0 = Release|Any CPU
	EndGlobalSection
	GlobalSection(SolutionProperties) = preSolution
		HideSolutionNode = FALSE
	EndGlobalSection
	GlobalSection(ExtensibilityGlobals) = postSolution
		SolutionGuid = {2564E659-025C-4A85-8C85-644A216211AB}
	EndGlobalSection
EndGlobal
